// !$*UTF8*$!
{
	archiveVersion = 1;
	classes = {
	};
	objectVersion = 51;
	objects = {

/* Begin PBXBuildFile section */
		AD85AEE9D6EC7153D7EFCB29 /* Pods_FreshNews.framework in Frameworks */ = {isa = PBXBuildFile; fileRef = 2708EBCABDEAD260DD783F3B /* Pods_FreshNews.framework */; };
		F728BF43248964610051D420 /* TopViewController.swift in Sources */ = {isa = PBXBuildFile; fileRef = F728BF42248964610051D420 /* TopViewController.swift */; };
		F728BF46248965AB0051D420 /* EntertainViewController.swift in Sources */ = {isa = PBXBuildFile; fileRef = F728BF45248965AB0051D420 /* EntertainViewController.swift */; };
		F728BF48248965C60051D420 /* SportsViewController.swift in Sources */ = {isa = PBXBuildFile; fileRef = F728BF47248965C60051D420 /* SportsViewController.swift */; };
		F728BF4C248965F60051D420 /* BusinessViewController.swift in Sources */ = {isa = PBXBuildFile; fileRef = F728BF4B248965F60051D420 /* BusinessViewController.swift */; };
		F728BF4E248966080051D420 /* TechViewController.swift in Sources */ = {isa = PBXBuildFile; fileRef = F728BF4D248966080051D420 /* TechViewController.swift */; };
		F728BF50248966200051D420 /* ScienceViewController.swift in Sources */ = {isa = PBXBuildFile; fileRef = F728BF4F248966200051D420 /* ScienceViewController.swift */; };
		F728BF5724896A6C0051D420 /* Top.storyboard in Resources */ = {isa = PBXBuildFile; fileRef = F728BF5624896A6C0051D420 /* Top.storyboard */; };
		F728BF5924896A890051D420 /* Entertain.storyboard in Resources */ = {isa = PBXBuildFile; fileRef = F728BF5824896A890051D420 /* Entertain.storyboard */; };
		F728BF5B24896A940051D420 /* Sports.storyboard in Resources */ = {isa = PBXBuildFile; fileRef = F728BF5A24896A940051D420 /* Sports.storyboard */; };
		F728BF5F24896AB40051D420 /* Business.storyboard in Resources */ = {isa = PBXBuildFile; fileRef = F728BF5E24896AB40051D420 /* Business.storyboard */; };
		F728BF6124896ABE0051D420 /* Tech.storyboard in Resources */ = {isa = PBXBuildFile; fileRef = F728BF6024896ABE0051D420 /* Tech.storyboard */; };
		F728BF6324896ACE0051D420 /* Science.storyboard in Resources */ = {isa = PBXBuildFile; fileRef = F728BF6224896ACE0051D420 /* Science.storyboard */; };
		F728BF6724896E850051D420 /* GeneralViewController.swift in Sources */ = {isa = PBXBuildFile; fileRef = F728BF6624896E850051D420 /* GeneralViewController.swift */; };
		F728BF6924896EB60051D420 /* HealthViewController.swift in Sources */ = {isa = PBXBuildFile; fileRef = F728BF6824896EB60051D420 /* HealthViewController.swift */; };
		F728BF6B24896EF50051D420 /* General.storyboard in Resources */ = {isa = PBXBuildFile; fileRef = F728BF6A24896EF50051D420 /* General.storyboard */; };
		F728BF6D24896F050051D420 /* Health.storyboard in Resources */ = {isa = PBXBuildFile; fileRef = F728BF6C24896F050051D420 /* Health.storyboard */; };
		F728BF6F248AAA190051D420 /* NewsFeedViewController.swift in Sources */ = {isa = PBXBuildFile; fileRef = F728BF6E248AAA190051D420 /* NewsFeedViewController.swift */; };
		F728BF74248B87860051D420 /* FavoritesViewController.swift in Sources */ = {isa = PBXBuildFile; fileRef = F728BF73248B87860051D420 /* FavoritesViewController.swift */; };
		F728BF76248B87A40051D420 /* SearchViewController.swift in Sources */ = {isa = PBXBuildFile; fileRef = F728BF75248B87A40051D420 /* SearchViewController.swift */; };
		F755B12524ACD0650080CF9B /* Article.swift in Sources */ = {isa = PBXBuildFile; fileRef = F755B12424ACD0650080CF9B /* Article.swift */; };
		F755B12724ACD1E00080CF9B /* Source.swift in Sources */ = {isa = PBXBuildFile; fileRef = F755B12624ACD1E00080CF9B /* Source.swift */; };
		F755B12924ACE9180080CF9B /* News.swift in Sources */ = {isa = PBXBuildFile; fileRef = F755B12824ACE9180080CF9B /* News.swift */; };
		F7731041243F6159007CB5DE /* AppDelegate.swift in Sources */ = {isa = PBXBuildFile; fileRef = F7731040243F6159007CB5DE /* AppDelegate.swift */; };
		F7731048243F6159007CB5DE /* Main.storyboard in Resources */ = {isa = PBXBuildFile; fileRef = F7731046243F6159007CB5DE /* Main.storyboard */; };
		F773104A243F615D007CB5DE /* Assets.xcassets in Resources */ = {isa = PBXBuildFile; fileRef = F7731049243F615D007CB5DE /* Assets.xcassets */; };
		F773104D243F615D007CB5DE /* LaunchScreen.storyboard in Resources */ = {isa = PBXBuildFile; fileRef = F773104B243F615D007CB5DE /* LaunchScreen.storyboard */; };
		F7731058243F615D007CB5DE /* FreshNewsTests.swift in Sources */ = {isa = PBXBuildFile; fileRef = F7731057243F615D007CB5DE /* FreshNewsTests.swift */; };
		F7731063243F615D007CB5DE /* FreshNewsUITests.swift in Sources */ = {isa = PBXBuildFile; fileRef = F7731062243F615D007CB5DE /* FreshNewsUITests.swift */; };
		F773107524407C16007CB5DE /* NewsFeed.storyboard in Resources */ = {isa = PBXBuildFile; fileRef = F773107424407C16007CB5DE /* NewsFeed.storyboard */; };
		F773107724407D6C007CB5DE /* Search.storyboard in Resources */ = {isa = PBXBuildFile; fileRef = F773107624407D6C007CB5DE /* Search.storyboard */; };
		F7731079244083CB007CB5DE /* Favorites.storyboard in Resources */ = {isa = PBXBuildFile; fileRef = F7731078244083CB007CB5DE /* Favorites.storyboard */; };
		F773107B2440C5A6007CB5DE /* Article.storyboard in Resources */ = {isa = PBXBuildFile; fileRef = F773107A2440C5A6007CB5DE /* Article.storyboard */; };
		F780638724AE1AA700959394 /* SceneDelegate.swift in Sources */ = {isa = PBXBuildFile; fileRef = F780638624AE1AA700959394 /* SceneDelegate.swift */; };
		F78063A924AE3C2100959394 /* ServicesNews.swift in Sources */ = {isa = PBXBuildFile; fileRef = F78063A824AE3C2100959394 /* ServicesNews.swift */; };
		F78063AE24AEC2E800959394 /* NewsFeedTableViewCell.swift in Sources */ = {isa = PBXBuildFile; fileRef = F78063AC24AEC2E800959394 /* NewsFeedTableViewCell.swift */; };
		F78063AF24AEC2E800959394 /* NewsFeedTableViewCell.xib in Resources */ = {isa = PBXBuildFile; fileRef = F78063AD24AEC2E800959394 /* NewsFeedTableViewCell.xib */; };
		F78CD2C524AF7A32009A9A0B /* ArticleViewController.swift in Sources */ = {isa = PBXBuildFile; fileRef = F78CD2C424AF7A32009A9A0B /* ArticleViewController.swift */; };
		F7EE877524B0B1EA00573A3C /* Sources.storyboard in Resources */ = {isa = PBXBuildFile; fileRef = F7EE877424B0B1EA00573A3C /* Sources.storyboard */; };
		F7EE877824B0B26B00573A3C /* SourcesTableViewController.swift in Sources */ = {isa = PBXBuildFile; fileRef = F7EE877724B0B26B00573A3C /* SourcesTableViewController.swift */; };
		F7EE877C24B0B30500573A3C /* SourcesTableViewCell.swift in Sources */ = {isa = PBXBuildFile; fileRef = F7EE877A24B0B30500573A3C /* SourcesTableViewCell.swift */; };
		F7EE877D24B0B30500573A3C /* SourcesTableViewCell.xib in Resources */ = {isa = PBXBuildFile; fileRef = F7EE877B24B0B30500573A3C /* SourcesTableViewCell.xib */; };
/* End PBXBuildFile section */

/* Begin PBXContainerItemProxy section */
		F7731054243F615D007CB5DE /* PBXContainerItemProxy */ = {
			isa = PBXContainerItemProxy;
			containerPortal = F7731035243F6159007CB5DE /* Project object */;
			proxyType = 1;
			remoteGlobalIDString = F773103C243F6159007CB5DE;
			remoteInfo = FreshNews;
		};
		F773105F243F615D007CB5DE /* PBXContainerItemProxy */ = {
			isa = PBXContainerItemProxy;
			containerPortal = F7731035243F6159007CB5DE /* Project object */;
			proxyType = 1;
			remoteGlobalIDString = F773103C243F6159007CB5DE;
			remoteInfo = FreshNews;
		};
/* End PBXContainerItemProxy section */

/* Begin PBXFileReference section */
		2708EBCABDEAD260DD783F3B /* Pods_FreshNews.framework */ = {isa = PBXFileReference; explicitFileType = wrapper.framework; includeInIndex = 0; path = Pods_FreshNews.framework; sourceTree = BUILT_PRODUCTS_DIR; };
		3E57FD9C24DB090EB5EA16DC /* Pods-FreshNews.debug.xcconfig */ = {isa = PBXFileReference; includeInIndex = 1; lastKnownFileType = text.xcconfig; name = "Pods-FreshNews.debug.xcconfig"; path = "Target Support Files/Pods-FreshNews/Pods-FreshNews.debug.xcconfig"; sourceTree = "<group>"; };
		F48B71F2D62AF23A48AB8838 /* Pods-FreshNews.release.xcconfig */ = {isa = PBXFileReference; includeInIndex = 1; lastKnownFileType = text.xcconfig; name = "Pods-FreshNews.release.xcconfig"; path = "Target Support Files/Pods-FreshNews/Pods-FreshNews.release.xcconfig"; sourceTree = "<group>"; };
		F728BF42248964610051D420 /* TopViewController.swift */ = {isa = PBXFileReference; lastKnownFileType = sourcecode.swift; path = TopViewController.swift; sourceTree = "<group>"; };
		F728BF45248965AB0051D420 /* EntertainViewController.swift */ = {isa = PBXFileReference; lastKnownFileType = sourcecode.swift; path = EntertainViewController.swift; sourceTree = "<group>"; };
		F728BF47248965C60051D420 /* SportsViewController.swift */ = {isa = PBXFileReference; lastKnownFileType = sourcecode.swift; path = SportsViewController.swift; sourceTree = "<group>"; };
		F728BF4B248965F60051D420 /* BusinessViewController.swift */ = {isa = PBXFileReference; lastKnownFileType = sourcecode.swift; path = BusinessViewController.swift; sourceTree = "<group>"; };
		F728BF4D248966080051D420 /* TechViewController.swift */ = {isa = PBXFileReference; lastKnownFileType = sourcecode.swift; path = TechViewController.swift; sourceTree = "<group>"; };
		F728BF4F248966200051D420 /* ScienceViewController.swift */ = {isa = PBXFileReference; lastKnownFileType = sourcecode.swift; path = ScienceViewController.swift; sourceTree = "<group>"; };
		F728BF5624896A6C0051D420 /* Top.storyboard */ = {isa = PBXFileReference; lastKnownFileType = file.storyboard; path = Top.storyboard; sourceTree = "<group>"; };
		F728BF5824896A890051D420 /* Entertain.storyboard */ = {isa = PBXFileReference; lastKnownFileType = file.storyboard; path = Entertain.storyboard; sourceTree = "<group>"; };
		F728BF5A24896A940051D420 /* Sports.storyboard */ = {isa = PBXFileReference; lastKnownFileType = file.storyboard; path = Sports.storyboard; sourceTree = "<group>"; };
		F728BF5E24896AB40051D420 /* Business.storyboard */ = {isa = PBXFileReference; lastKnownFileType = file.storyboard; path = Business.storyboard; sourceTree = "<group>"; };
		F728BF6024896ABE0051D420 /* Tech.storyboard */ = {isa = PBXFileReference; lastKnownFileType = file.storyboard; path = Tech.storyboard; sourceTree = "<group>"; };
		F728BF6224896ACE0051D420 /* Science.storyboard */ = {isa = PBXFileReference; lastKnownFileType = file.storyboard; path = Science.storyboard; sourceTree = "<group>"; };
		F728BF6624896E850051D420 /* GeneralViewController.swift */ = {isa = PBXFileReference; lastKnownFileType = sourcecode.swift; path = GeneralViewController.swift; sourceTree = "<group>"; };
		F728BF6824896EB60051D420 /* HealthViewController.swift */ = {isa = PBXFileReference; lastKnownFileType = sourcecode.swift; path = HealthViewController.swift; sourceTree = "<group>"; };
		F728BF6A24896EF50051D420 /* General.storyboard */ = {isa = PBXFileReference; lastKnownFileType = file.storyboard; path = General.storyboard; sourceTree = "<group>"; };
		F728BF6C24896F050051D420 /* Health.storyboard */ = {isa = PBXFileReference; lastKnownFileType = file.storyboard; path = Health.storyboard; sourceTree = "<group>"; };
		F728BF6E248AAA190051D420 /* NewsFeedViewController.swift */ = {isa = PBXFileReference; lastKnownFileType = sourcecode.swift; path = NewsFeedViewController.swift; sourceTree = "<group>"; };
		F728BF73248B87860051D420 /* FavoritesViewController.swift */ = {isa = PBXFileReference; lastKnownFileType = sourcecode.swift; path = FavoritesViewController.swift; sourceTree = "<group>"; };
		F728BF75248B87A40051D420 /* SearchViewController.swift */ = {isa = PBXFileReference; lastKnownFileType = sourcecode.swift; path = SearchViewController.swift; sourceTree = "<group>"; };
		F755B12424ACD0650080CF9B /* Article.swift */ = {isa = PBXFileReference; lastKnownFileType = sourcecode.swift; path = Article.swift; sourceTree = "<group>"; };
		F755B12624ACD1E00080CF9B /* Source.swift */ = {isa = PBXFileReference; lastKnownFileType = sourcecode.swift; path = Source.swift; sourceTree = "<group>"; };
		F755B12824ACE9180080CF9B /* News.swift */ = {isa = PBXFileReference; lastKnownFileType = sourcecode.swift; path = News.swift; sourceTree = "<group>"; };
		F773103D243F6159007CB5DE /* FreshNews.app */ = {isa = PBXFileReference; explicitFileType = wrapper.application; includeInIndex = 0; path = FreshNews.app; sourceTree = BUILT_PRODUCTS_DIR; };
		F7731040243F6159007CB5DE /* AppDelegate.swift */ = {isa = PBXFileReference; lastKnownFileType = sourcecode.swift; path = AppDelegate.swift; sourceTree = "<group>"; };
		F7731047243F6159007CB5DE /* Base */ = {isa = PBXFileReference; lastKnownFileType = file.storyboard; name = Base; path = Base.lproj/Main.storyboard; sourceTree = "<group>"; };
		F7731049243F615D007CB5DE /* Assets.xcassets */ = {isa = PBXFileReference; lastKnownFileType = folder.assetcatalog; path = Assets.xcassets; sourceTree = "<group>"; };
		F773104C243F615D007CB5DE /* Base */ = {isa = PBXFileReference; lastKnownFileType = file.storyboard; name = Base; path = Base.lproj/LaunchScreen.storyboard; sourceTree = "<group>"; };
		F773104E243F615D007CB5DE /* Info.plist */ = {isa = PBXFileReference; lastKnownFileType = text.plist.xml; path = Info.plist; sourceTree = "<group>"; };
		F7731053243F615D007CB5DE /* FreshNewsTests.xctest */ = {isa = PBXFileReference; explicitFileType = wrapper.cfbundle; includeInIndex = 0; path = FreshNewsTests.xctest; sourceTree = BUILT_PRODUCTS_DIR; };
		F7731057243F615D007CB5DE /* FreshNewsTests.swift */ = {isa = PBXFileReference; lastKnownFileType = sourcecode.swift; path = FreshNewsTests.swift; sourceTree = "<group>"; };
		F7731059243F615D007CB5DE /* Info.plist */ = {isa = PBXFileReference; lastKnownFileType = text.plist.xml; path = Info.plist; sourceTree = "<group>"; };
		F773105E243F615D007CB5DE /* FreshNewsUITests.xctest */ = {isa = PBXFileReference; explicitFileType = wrapper.cfbundle; includeInIndex = 0; path = FreshNewsUITests.xctest; sourceTree = BUILT_PRODUCTS_DIR; };
		F7731062243F615D007CB5DE /* FreshNewsUITests.swift */ = {isa = PBXFileReference; lastKnownFileType = sourcecode.swift; path = FreshNewsUITests.swift; sourceTree = "<group>"; };
		F7731064243F615D007CB5DE /* Info.plist */ = {isa = PBXFileReference; lastKnownFileType = text.plist.xml; path = Info.plist; sourceTree = "<group>"; };
		F773107424407C16007CB5DE /* NewsFeed.storyboard */ = {isa = PBXFileReference; lastKnownFileType = file.storyboard; path = NewsFeed.storyboard; sourceTree = "<group>"; };
		F773107624407D6C007CB5DE /* Search.storyboard */ = {isa = PBXFileReference; lastKnownFileType = file.storyboard; path = Search.storyboard; sourceTree = "<group>"; };
		F7731078244083CB007CB5DE /* Favorites.storyboard */ = {isa = PBXFileReference; lastKnownFileType = file.storyboard; path = Favorites.storyboard; sourceTree = "<group>"; };
		F773107A2440C5A6007CB5DE /* Article.storyboard */ = {isa = PBXFileReference; lastKnownFileType = file.storyboard; path = Article.storyboard; sourceTree = "<group>"; };
		F780638624AE1AA700959394 /* SceneDelegate.swift */ = {isa = PBXFileReference; lastKnownFileType = sourcecode.swift; path = SceneDelegate.swift; sourceTree = "<group>"; };
		F78063A824AE3C2100959394 /* ServicesNews.swift */ = {isa = PBXFileReference; lastKnownFileType = sourcecode.swift; path = ServicesNews.swift; sourceTree = "<group>"; };
		F78063AC24AEC2E800959394 /* NewsFeedTableViewCell.swift */ = {isa = PBXFileReference; lastKnownFileType = sourcecode.swift; path = NewsFeedTableViewCell.swift; sourceTree = "<group>"; };
		F78063AD24AEC2E800959394 /* NewsFeedTableViewCell.xib */ = {isa = PBXFileReference; lastKnownFileType = file.xib; path = NewsFeedTableViewCell.xib; sourceTree = "<group>"; };
		F78CD2C424AF7A32009A9A0B /* ArticleViewController.swift */ = {isa = PBXFileReference; lastKnownFileType = sourcecode.swift; path = ArticleViewController.swift; sourceTree = "<group>"; };
		F7EE877424B0B1EA00573A3C /* Sources.storyboard */ = {isa = PBXFileReference; lastKnownFileType = file.storyboard; path = Sources.storyboard; sourceTree = "<group>"; };
		F7EE877724B0B26B00573A3C /* SourcesTableViewController.swift */ = {isa = PBXFileReference; lastKnownFileType = sourcecode.swift; path = SourcesTableViewController.swift; sourceTree = "<group>"; };
		F7EE877A24B0B30500573A3C /* SourcesTableViewCell.swift */ = {isa = PBXFileReference; lastKnownFileType = sourcecode.swift; path = SourcesTableViewCell.swift; sourceTree = "<group>"; };
		F7EE877B24B0B30500573A3C /* SourcesTableViewCell.xib */ = {isa = PBXFileReference; lastKnownFileType = file.xib; path = SourcesTableViewCell.xib; sourceTree = "<group>"; };
/* End PBXFileReference section */

/* Begin PBXFrameworksBuildPhase section */
		F773103A243F6159007CB5DE /* Frameworks */ = {
			isa = PBXFrameworksBuildPhase;
			buildActionMask = 2147483647;
			files = (
				AD85AEE9D6EC7153D7EFCB29 /* Pods_FreshNews.framework in Frameworks */,
			);
			runOnlyForDeploymentPostprocessing = 0;
		};
		F7731050243F615D007CB5DE /* Frameworks */ = {
			isa = PBXFrameworksBuildPhase;
			buildActionMask = 2147483647;
			files = (
			);
			runOnlyForDeploymentPostprocessing = 0;
		};
		F773105B243F615D007CB5DE /* Frameworks */ = {
			isa = PBXFrameworksBuildPhase;
			buildActionMask = 2147483647;
			files = (
			);
			runOnlyForDeploymentPostprocessing = 0;
		};
/* End PBXFrameworksBuildPhase section */

/* Begin PBXGroup section */
		0BB1D8691380D32CE4F34FFA /* Pods */ = {
			isa = PBXGroup;
			children = (
				3E57FD9C24DB090EB5EA16DC /* Pods-FreshNews.debug.xcconfig */,
				F48B71F2D62AF23A48AB8838 /* Pods-FreshNews.release.xcconfig */,
			);
			path = Pods;
			sourceTree = "<group>";
		};
		AA1CE04D2630AC83735E7651 /* Frameworks */ = {
			isa = PBXGroup;
			children = (
				2708EBCABDEAD260DD783F3B /* Pods_FreshNews.framework */,
			);
			name = Frameworks;
			sourceTree = "<group>";
		};
		F70D3671244B12030085FCF5 /* View */ = {
			isa = PBXGroup;
			children = (
				F773107A2440C5A6007CB5DE /* Article.storyboard */,
				F728BF71248B86080051D420 /* MainScreens */,
				F728BF5524896A330051D420 /* Category */,
				F728BF70248ABA3F0051D420 /* Cell */,
			);
			path = View;
			sourceTree = "<group>";
		};
		F728BF44248964650051D420 /* Category */ = {
			isa = PBXGroup;
			children = (
				F728BF42248964610051D420 /* TopViewController.swift */,
				F728BF45248965AB0051D420 /* EntertainViewController.swift */,
				F728BF47248965C60051D420 /* SportsViewController.swift */,
				F728BF6624896E850051D420 /* GeneralViewController.swift */,
				F728BF4B248965F60051D420 /* BusinessViewController.swift */,
				F728BF4D248966080051D420 /* TechViewController.swift */,
				F728BF4F248966200051D420 /* ScienceViewController.swift */,
				F728BF6824896EB60051D420 /* HealthViewController.swift */,
			);
			path = Category;
			sourceTree = "<group>";
		};
		F728BF5524896A330051D420 /* Category */ = {
			isa = PBXGroup;
			children = (
				F728BF5624896A6C0051D420 /* Top.storyboard */,
				F728BF5824896A890051D420 /* Entertain.storyboard */,
				F728BF5A24896A940051D420 /* Sports.storyboard */,
				F728BF6A24896EF50051D420 /* General.storyboard */,
				F728BF5E24896AB40051D420 /* Business.storyboard */,
				F728BF6024896ABE0051D420 /* Tech.storyboard */,
				F728BF6224896ACE0051D420 /* Science.storyboard */,
				F728BF6C24896F050051D420 /* Health.storyboard */,
			);
			path = Category;
			sourceTree = "<group>";
		};
		F728BF70248ABA3F0051D420 /* Cell */ = {
			isa = PBXGroup;
			children = (
				F7EE877924B0B2B300573A3C /* ArticleCell */,
				F7EE877624B0B20700573A3C /* SourcesCell */,
			);
			path = Cell;
			sourceTree = "<group>";
		};
		F728BF71248B86080051D420 /* MainScreens */ = {
			isa = PBXGroup;
			children = (
				F7731046243F6159007CB5DE /* Main.storyboard */,
				F773107424407C16007CB5DE /* NewsFeed.storyboard */,
				F7731078244083CB007CB5DE /* Favorites.storyboard */,
				F773107624407D6C007CB5DE /* Search.storyboard */,
				F7EE877424B0B1EA00573A3C /* Sources.storyboard */,
			);
			path = MainScreens;
			sourceTree = "<group>";
		};
		F728BF72248B86DE0051D420 /* MainScreens */ = {
			isa = PBXGroup;
			children = (
				F728BF6E248AAA190051D420 /* NewsFeedViewController.swift */,
				F728BF73248B87860051D420 /* FavoritesViewController.swift */,
				F728BF75248B87A40051D420 /* SearchViewController.swift */,
				F7EE877724B0B26B00573A3C /* SourcesTableViewController.swift */,
				F78CD2C424AF7A32009A9A0B /* ArticleViewController.swift */,
			);
			path = MainScreens;
			sourceTree = "<group>";
		};
		F730A0C0244B85F700DBB058 /* Controller */ = {
			isa = PBXGroup;
			children = (
				F728BF72248B86DE0051D420 /* MainScreens */,
				F728BF44248964650051D420 /* Category */,
			);
			path = Controller;
			sourceTree = "<group>";
		};
		F7731034243F6159007CB5DE = {
			isa = PBXGroup;
			children = (
				F773103F243F6159007CB5DE /* FreshNews */,
				F7731056243F615D007CB5DE /* FreshNewsTests */,
				F7731061243F615D007CB5DE /* FreshNewsUITests */,
				F773103E243F6159007CB5DE /* Products */,
				0BB1D8691380D32CE4F34FFA /* Pods */,
				AA1CE04D2630AC83735E7651 /* Frameworks */,
			);
			sourceTree = "<group>";
		};
		F773103E243F6159007CB5DE /* Products */ = {
			isa = PBXGroup;
			children = (
				F773103D243F6159007CB5DE /* FreshNews.app */,
				F7731053243F615D007CB5DE /* FreshNewsTests.xctest */,
				F773105E243F615D007CB5DE /* FreshNewsUITests.xctest */,
			);
			name = Products;
			sourceTree = "<group>";
		};
		F773103F243F6159007CB5DE /* FreshNews */ = {
			isa = PBXGroup;
			children = (
				F773107C2440CCEE007CB5DE /* Model */,
				F70D3671244B12030085FCF5 /* View */,
				F730A0C0244B85F700DBB058 /* Controller */,
				F7731040243F6159007CB5DE /* AppDelegate.swift */,
				F780638624AE1AA700959394 /* SceneDelegate.swift */,
				F7731049243F615D007CB5DE /* Assets.xcassets */,
				F773104B243F615D007CB5DE /* LaunchScreen.storyboard */,
				F773104E243F615D007CB5DE /* Info.plist */,
			);
			path = FreshNews;
			sourceTree = "<group>";
		};
		F7731056243F615D007CB5DE /* FreshNewsTests */ = {
			isa = PBXGroup;
			children = (
				F7731057243F615D007CB5DE /* FreshNewsTests.swift */,
				F7731059243F615D007CB5DE /* Info.plist */,
			);
			path = FreshNewsTests;
			sourceTree = "<group>";
		};
		F7731061243F615D007CB5DE /* FreshNewsUITests */ = {
			isa = PBXGroup;
			children = (
				F7731062243F615D007CB5DE /* FreshNewsUITests.swift */,
				F7731064243F615D007CB5DE /* Info.plist */,
			);
			path = FreshNewsUITests;
			sourceTree = "<group>";
		};
		F773107C2440CCEE007CB5DE /* Model */ = {
			isa = PBXGroup;
			children = (
				F755B12824ACE9180080CF9B /* News.swift */,
				F755B12424ACD0650080CF9B /* Article.swift */,
				F755B12624ACD1E00080CF9B /* Source.swift */,
				F78063A824AE3C2100959394 /* ServicesNews.swift */,
			);
			path = Model;
			sourceTree = "<group>";
		};
		F7EE877624B0B20700573A3C /* SourcesCell */ = {
			isa = PBXGroup;
			children = (
				F7EE877A24B0B30500573A3C /* SourcesTableViewCell.swift */,
				F7EE877B24B0B30500573A3C /* SourcesTableViewCell.xib */,
			);
			path = SourcesCell;
			sourceTree = "<group>";
		};
		F7EE877924B0B2B300573A3C /* ArticleCell */ = {
			isa = PBXGroup;
			children = (
				F78063AC24AEC2E800959394 /* NewsFeedTableViewCell.swift */,
				F78063AD24AEC2E800959394 /* NewsFeedTableViewCell.xib */,
			);
			path = ArticleCell;
			sourceTree = "<group>";
		};
/* End PBXGroup section */

/* Begin PBXNativeTarget section */
		F773103C243F6159007CB5DE /* FreshNews */ = {
			isa = PBXNativeTarget;
			buildConfigurationList = F7731067243F615D007CB5DE /* Build configuration list for PBXNativeTarget "FreshNews" */;
			buildPhases = (
				94CCF782B501475CBECBF010 /* [CP] Check Pods Manifest.lock */,
				F755B11F24ABFFB00080CF9B /* ShellScript */,
				F7731039243F6159007CB5DE /* Sources */,
				F773103A243F6159007CB5DE /* Frameworks */,
				F773103B243F6159007CB5DE /* Resources */,
				B19355927AA7983BA8E11505 /* [CP] Embed Pods Frameworks */,
			);
			buildRules = (
			);
			dependencies = (
			);
			name = FreshNews;
			productName = FreshNews;
			productReference = F773103D243F6159007CB5DE /* FreshNews.app */;
			productType = "com.apple.product-type.application";
		};
		F7731052243F615D007CB5DE /* FreshNewsTests */ = {
			isa = PBXNativeTarget;
			buildConfigurationList = F773106A243F615D007CB5DE /* Build configuration list for PBXNativeTarget "FreshNewsTests" */;
			buildPhases = (
				F773104F243F615D007CB5DE /* Sources */,
				F7731050243F615D007CB5DE /* Frameworks */,
				F7731051243F615D007CB5DE /* Resources */,
			);
			buildRules = (
			);
			dependencies = (
				F7731055243F615D007CB5DE /* PBXTargetDependency */,
			);
			name = FreshNewsTests;
			productName = FreshNewsTests;
			productReference = F7731053243F615D007CB5DE /* FreshNewsTests.xctest */;
			productType = "com.apple.product-type.bundle.unit-test";
		};
		F773105D243F615D007CB5DE /* FreshNewsUITests */ = {
			isa = PBXNativeTarget;
			buildConfigurationList = F773106D243F615D007CB5DE /* Build configuration list for PBXNativeTarget "FreshNewsUITests" */;
			buildPhases = (
				F773105A243F615D007CB5DE /* Sources */,
				F773105B243F615D007CB5DE /* Frameworks */,
				F773105C243F615D007CB5DE /* Resources */,
			);
			buildRules = (
			);
			dependencies = (
				F7731060243F615D007CB5DE /* PBXTargetDependency */,
			);
			name = FreshNewsUITests;
			productName = FreshNewsUITests;
			productReference = F773105E243F615D007CB5DE /* FreshNewsUITests.xctest */;
			productType = "com.apple.product-type.bundle.ui-testing";
		};
/* End PBXNativeTarget section */

/* Begin PBXProject section */
		F7731035243F6159007CB5DE /* Project object */ = {
			isa = PBXProject;
			attributes = {
				LastSwiftUpdateCheck = 1140;
				LastUpgradeCheck = 1140;
				ORGANIZATIONNAME = "Игорь Сазонов";
				TargetAttributes = {
					F773103C243F6159007CB5DE = {
						CreatedOnToolsVersion = 11.4;
					};
					F7731052243F615D007CB5DE = {
						CreatedOnToolsVersion = 11.4;
						TestTargetID = F773103C243F6159007CB5DE;
					};
					F773105D243F615D007CB5DE = {
						CreatedOnToolsVersion = 11.4;
						TestTargetID = F773103C243F6159007CB5DE;
					};
				};
			};
			buildConfigurationList = F7731038243F6159007CB5DE /* Build configuration list for PBXProject "FreshNews" */;
			compatibilityVersion = "Xcode 9.3";
			developmentRegion = en;
			hasScannedForEncodings = 0;
			knownRegions = (
				en,
				Base,
			);
			mainGroup = F7731034243F6159007CB5DE;
			productRefGroup = F773103E243F6159007CB5DE /* Products */;
			projectDirPath = "";
			projectRoot = "";
			targets = (
				F773103C243F6159007CB5DE /* FreshNews */,
				F7731052243F615D007CB5DE /* FreshNewsTests */,
				F773105D243F615D007CB5DE /* FreshNewsUITests */,
			);
		};
/* End PBXProject section */

/* Begin PBXResourcesBuildPhase section */
		F773103B243F6159007CB5DE /* Resources */ = {
			isa = PBXResourcesBuildPhase;
			buildActionMask = 2147483647;
			files = (
				F728BF6124896ABE0051D420 /* Tech.storyboard in Resources */,
				F728BF5724896A6C0051D420 /* Top.storyboard in Resources */,
				F728BF5B24896A940051D420 /* Sports.storyboard in Resources */,
				F773104D243F615D007CB5DE /* LaunchScreen.storyboard in Resources */,
				F773104A243F615D007CB5DE /* Assets.xcassets in Resources */,
				F773107B2440C5A6007CB5DE /* Article.storyboard in Resources */,
				F7EE877524B0B1EA00573A3C /* Sources.storyboard in Resources */,
				F728BF6D24896F050051D420 /* Health.storyboard in Resources */,
				F7731079244083CB007CB5DE /* Favorites.storyboard in Resources */,
				F728BF5924896A890051D420 /* Entertain.storyboard in Resources */,
				F7731048243F6159007CB5DE /* Main.storyboard in Resources */,
				F773107524407C16007CB5DE /* NewsFeed.storyboard in Resources */,
				F728BF5F24896AB40051D420 /* Business.storyboard in Resources */,
				F773107724407D6C007CB5DE /* Search.storyboard in Resources */,
				F728BF6324896ACE0051D420 /* Science.storyboard in Resources */,
				F78063AF24AEC2E800959394 /* NewsFeedTableViewCell.xib in Resources */,
				F7EE877D24B0B30500573A3C /* SourcesTableViewCell.xib in Resources */,
				F728BF6B24896EF50051D420 /* General.storyboard in Resources */,
			);
			runOnlyForDeploymentPostprocessing = 0;
		};
		F7731051243F615D007CB5DE /* Resources */ = {
			isa = PBXResourcesBuildPhase;
			buildActionMask = 2147483647;
			files = (
			);
			runOnlyForDeploymentPostprocessing = 0;
		};
		F773105C243F615D007CB5DE /* Resources */ = {
			isa = PBXResourcesBuildPhase;
			buildActionMask = 2147483647;
			files = (
			);
			runOnlyForDeploymentPostprocessing = 0;
		};
/* End PBXResourcesBuildPhase section */

/* Begin PBXShellScriptBuildPhase section */
		94CCF782B501475CBECBF010 /* [CP] Check Pods Manifest.lock */ = {
			isa = PBXShellScriptBuildPhase;
			buildActionMask = 2147483647;
			files = (
			);
			inputFileListPaths = (
			);
			inputPaths = (
				"${PODS_PODFILE_DIR_PATH}/Podfile.lock",
				"${PODS_ROOT}/Manifest.lock",
			);
			name = "[CP] Check Pods Manifest.lock";
			outputFileListPaths = (
			);
			outputPaths = (
				"$(DERIVED_FILE_DIR)/Pods-FreshNews-checkManifestLockResult.txt",
			);
			runOnlyForDeploymentPostprocessing = 0;
			shellPath = /bin/sh;
			shellScript = "diff \"${PODS_PODFILE_DIR_PATH}/Podfile.lock\" \"${PODS_ROOT}/Manifest.lock\" > /dev/null\nif [ $? != 0 ] ; then\n    # print error to STDERR\n    echo \"error: The sandbox is not in sync with the Podfile.lock. Run 'pod install' or update your CocoaPods installation.\" >&2\n    exit 1\nfi\n# This output is used by Xcode 'outputs' to avoid re-running this script phase.\necho \"SUCCESS\" > \"${SCRIPT_OUTPUT_FILE_0}\"\n";
			showEnvVarsInLog = 0;
		};
		B19355927AA7983BA8E11505 /* [CP] Embed Pods Frameworks */ = {
			isa = PBXShellScriptBuildPhase;
			buildActionMask = 2147483647;
			files = (
			);
			inputFileListPaths = (
				"${PODS_ROOT}/Target Support Files/Pods-FreshNews/Pods-FreshNews-frameworks-${CONFIGURATION}-input-files.xcfilelist",
			);
			name = "[CP] Embed Pods Frameworks";
			outputFileListPaths = (
				"${PODS_ROOT}/Target Support Files/Pods-FreshNews/Pods-FreshNews-frameworks-${CONFIGURATION}-output-files.xcfilelist",
			);
			runOnlyForDeploymentPostprocessing = 0;
			shellPath = /bin/sh;
			shellScript = "\"${PODS_ROOT}/Target Support Files/Pods-FreshNews/Pods-FreshNews-frameworks.sh\"\n";
			showEnvVarsInLog = 0;
		};
		F755B11F24ABFFB00080CF9B /* ShellScript */ = {
			isa = PBXShellScriptBuildPhase;
			buildActionMask = 2147483647;
			files = (
			);
			inputFileListPaths = (
			);
			inputPaths = (
			);
			outputFileListPaths = (
			);
			outputPaths = (
			);
			runOnlyForDeploymentPostprocessing = 0;
			shellPath = /bin/sh;
			shellScript = "${PODS_ROOT}/SwiftLint/swiftlint\n";
		};
/* End PBXShellScriptBuildPhase section */

/* Begin PBXSourcesBuildPhase section */
		F7731039243F6159007CB5DE /* Sources */ = {
			isa = PBXSourcesBuildPhase;
			buildActionMask = 2147483647;
			files = (
				F7EE877824B0B26B00573A3C /* SourcesTableViewController.swift in Sources */,
				F728BF4E248966080051D420 /* TechViewController.swift in Sources */,
				F7731041243F6159007CB5DE /* AppDelegate.swift in Sources */,
				F728BF6724896E850051D420 /* GeneralViewController.swift in Sources */,
				F728BF4C248965F60051D420 /* BusinessViewController.swift in Sources */,
				F728BF50248966200051D420 /* ScienceViewController.swift in Sources */,
				F78063AE24AEC2E800959394 /* NewsFeedTableViewCell.swift in Sources */,
				F728BF46248965AB0051D420 /* EntertainViewController.swift in Sources */,
				F755B12724ACD1E00080CF9B /* Source.swift in Sources */,
				F780638724AE1AA700959394 /* SceneDelegate.swift in Sources */,
				F78063A924AE3C2100959394 /* ServicesNews.swift in Sources */,
				F755B12924ACE9180080CF9B /* News.swift in Sources */,
				F728BF48248965C60051D420 /* SportsViewController.swift in Sources */,
				F728BF76248B87A40051D420 /* SearchViewController.swift in Sources */,
				F728BF6924896EB60051D420 /* HealthViewController.swift in Sources */,
				F78CD2C524AF7A32009A9A0B /* ArticleViewController.swift in Sources */,
				F728BF43248964610051D420 /* TopViewController.swift in Sources */,
				F7EE877C24B0B30500573A3C /* SourcesTableViewCell.swift in Sources */,
				F728BF74248B87860051D420 /* FavoritesViewController.swift in Sources */,
				F728BF6F248AAA190051D420 /* NewsFeedViewController.swift in Sources */,
				F755B12524ACD0650080CF9B /* Article.swift in Sources */,
			);
			runOnlyForDeploymentPostprocessing = 0;
		};
		F773104F243F615D007CB5DE /* Sources */ = {
			isa = PBXSourcesBuildPhase;
			buildActionMask = 2147483647;
			files = (
				F7731058243F615D007CB5DE /* FreshNewsTests.swift in Sources */,
			);
			runOnlyForDeploymentPostprocessing = 0;
		};
		F773105A243F615D007CB5DE /* Sources */ = {
			isa = PBXSourcesBuildPhase;
			buildActionMask = 2147483647;
			files = (
				F7731063243F615D007CB5DE /* FreshNewsUITests.swift in Sources */,
			);
			runOnlyForDeploymentPostprocessing = 0;
		};
/* End PBXSourcesBuildPhase section */

/* Begin PBXTargetDependency section */
		F7731055243F615D007CB5DE /* PBXTargetDependency */ = {
			isa = PBXTargetDependency;
			target = F773103C243F6159007CB5DE /* FreshNews */;
			targetProxy = F7731054243F615D007CB5DE /* PBXContainerItemProxy */;
		};
		F7731060243F615D007CB5DE /* PBXTargetDependency */ = {
			isa = PBXTargetDependency;
			target = F773103C243F6159007CB5DE /* FreshNews */;
			targetProxy = F773105F243F615D007CB5DE /* PBXContainerItemProxy */;
		};
/* End PBXTargetDependency section */

/* Begin PBXVariantGroup section */
		F7731046243F6159007CB5DE /* Main.storyboard */ = {
			isa = PBXVariantGroup;
			children = (
				F7731047243F6159007CB5DE /* Base */,
			);
			name = Main.storyboard;
			sourceTree = "<group>";
		};
		F773104B243F615D007CB5DE /* LaunchScreen.storyboard */ = {
			isa = PBXVariantGroup;
			children = (
				F773104C243F615D007CB5DE /* Base */,
			);
			name = LaunchScreen.storyboard;
			sourceTree = "<group>";
		};
/* End PBXVariantGroup section */

/* Begin XCBuildConfiguration section */
		F7731065243F615D007CB5DE /* Debug */ = {
			isa = XCBuildConfiguration;
			buildSettings = {
				ALWAYS_SEARCH_USER_PATHS = NO;
				CLANG_ANALYZER_NONNULL = YES;
				CLANG_ANALYZER_NUMBER_OBJECT_CONVERSION = YES_AGGRESSIVE;
				CLANG_CXX_LANGUAGE_STANDARD = "gnu++14";
				CLANG_CXX_LIBRARY = "libc++";
				CLANG_ENABLE_MODULES = YES;
				CLANG_ENABLE_OBJC_ARC = YES;
				CLANG_ENABLE_OBJC_WEAK = YES;
				CLANG_WARN_BLOCK_CAPTURE_AUTORELEASING = YES;
				CLANG_WARN_BOOL_CONVERSION = YES;
				CLANG_WARN_COMMA = YES;
				CLANG_WARN_CONSTANT_CONVERSION = YES;
				CLANG_WARN_DEPRECATED_OBJC_IMPLEMENTATIONS = YES;
				CLANG_WARN_DIRECT_OBJC_ISA_USAGE = YES_ERROR;
				CLANG_WARN_DOCUMENTATION_COMMENTS = YES;
				CLANG_WARN_EMPTY_BODY = YES;
				CLANG_WARN_ENUM_CONVERSION = YES;
				CLANG_WARN_INFINITE_RECURSION = YES;
				CLANG_WARN_INT_CONVERSION = YES;
				CLANG_WARN_NON_LITERAL_NULL_CONVERSION = YES;
				CLANG_WARN_OBJC_IMPLICIT_RETAIN_SELF = YES;
				CLANG_WARN_OBJC_LITERAL_CONVERSION = YES;
				CLANG_WARN_OBJC_ROOT_CLASS = YES_ERROR;
				CLANG_WARN_RANGE_LOOP_ANALYSIS = YES;
				CLANG_WARN_STRICT_PROTOTYPES = YES;
				CLANG_WARN_SUSPICIOUS_MOVE = YES;
				CLANG_WARN_UNGUARDED_AVAILABILITY = YES_AGGRESSIVE;
				CLANG_WARN_UNREACHABLE_CODE = YES;
				CLANG_WARN__DUPLICATE_METHOD_MATCH = YES;
				COPY_PHASE_STRIP = NO;
				DEBUG_INFORMATION_FORMAT = dwarf;
				ENABLE_STRICT_OBJC_MSGSEND = YES;
				ENABLE_TESTABILITY = YES;
				GCC_C_LANGUAGE_STANDARD = gnu11;
				GCC_DYNAMIC_NO_PIC = NO;
				GCC_NO_COMMON_BLOCKS = YES;
				GCC_OPTIMIZATION_LEVEL = 0;
				GCC_PREPROCESSOR_DEFINITIONS = (
					"DEBUG=1",
					"$(inherited)",
				);
				GCC_WARN_64_TO_32_BIT_CONVERSION = YES;
				GCC_WARN_ABOUT_RETURN_TYPE = YES_ERROR;
				GCC_WARN_UNDECLARED_SELECTOR = YES;
				GCC_WARN_UNINITIALIZED_AUTOS = YES_AGGRESSIVE;
				GCC_WARN_UNUSED_FUNCTION = YES;
				GCC_WARN_UNUSED_VARIABLE = YES;
				IPHONEOS_DEPLOYMENT_TARGET = 13.4;
				MTL_ENABLE_DEBUG_INFO = INCLUDE_SOURCE;
				MTL_FAST_MATH = YES;
				ONLY_ACTIVE_ARCH = YES;
				SDKROOT = iphoneos;
				SWIFT_ACTIVE_COMPILATION_CONDITIONS = DEBUG;
				SWIFT_OPTIMIZATION_LEVEL = "-Onone";
			};
			name = Debug;
		};
		F7731066243F615D007CB5DE /* Release */ = {
			isa = XCBuildConfiguration;
			buildSettings = {
				ALWAYS_SEARCH_USER_PATHS = NO;
				CLANG_ANALYZER_NONNULL = YES;
				CLANG_ANALYZER_NUMBER_OBJECT_CONVERSION = YES_AGGRESSIVE;
				CLANG_CXX_LANGUAGE_STANDARD = "gnu++14";
				CLANG_CXX_LIBRARY = "libc++";
				CLANG_ENABLE_MODULES = YES;
				CLANG_ENABLE_OBJC_ARC = YES;
				CLANG_ENABLE_OBJC_WEAK = YES;
				CLANG_WARN_BLOCK_CAPTURE_AUTORELEASING = YES;
				CLANG_WARN_BOOL_CONVERSION = YES;
				CLANG_WARN_COMMA = YES;
				CLANG_WARN_CONSTANT_CONVERSION = YES;
				CLANG_WARN_DEPRECATED_OBJC_IMPLEMENTATIONS = YES;
				CLANG_WARN_DIRECT_OBJC_ISA_USAGE = YES_ERROR;
				CLANG_WARN_DOCUMENTATION_COMMENTS = YES;
				CLANG_WARN_EMPTY_BODY = YES;
				CLANG_WARN_ENUM_CONVERSION = YES;
				CLANG_WARN_INFINITE_RECURSION = YES;
				CLANG_WARN_INT_CONVERSION = YES;
				CLANG_WARN_NON_LITERAL_NULL_CONVERSION = YES;
				CLANG_WARN_OBJC_IMPLICIT_RETAIN_SELF = YES;
				CLANG_WARN_OBJC_LITERAL_CONVERSION = YES;
				CLANG_WARN_OBJC_ROOT_CLASS = YES_ERROR;
				CLANG_WARN_RANGE_LOOP_ANALYSIS = YES;
				CLANG_WARN_STRICT_PROTOTYPES = YES;
				CLANG_WARN_SUSPICIOUS_MOVE = YES;
				CLANG_WARN_UNGUARDED_AVAILABILITY = YES_AGGRESSIVE;
				CLANG_WARN_UNREACHABLE_CODE = YES;
				CLANG_WARN__DUPLICATE_METHOD_MATCH = YES;
				COPY_PHASE_STRIP = NO;
				DEBUG_INFORMATION_FORMAT = "dwarf-with-dsym";
				ENABLE_NS_ASSERTIONS = NO;
				ENABLE_STRICT_OBJC_MSGSEND = YES;
				GCC_C_LANGUAGE_STANDARD = gnu11;
				GCC_NO_COMMON_BLOCKS = YES;
				GCC_WARN_64_TO_32_BIT_CONVERSION = YES;
				GCC_WARN_ABOUT_RETURN_TYPE = YES_ERROR;
				GCC_WARN_UNDECLARED_SELECTOR = YES;
				GCC_WARN_UNINITIALIZED_AUTOS = YES_AGGRESSIVE;
				GCC_WARN_UNUSED_FUNCTION = YES;
				GCC_WARN_UNUSED_VARIABLE = YES;
				IPHONEOS_DEPLOYMENT_TARGET = 13.4;
				MTL_ENABLE_DEBUG_INFO = NO;
				MTL_FAST_MATH = YES;
				SDKROOT = iphoneos;
				SWIFT_COMPILATION_MODE = wholemodule;
				SWIFT_OPTIMIZATION_LEVEL = "-O";
				VALIDATE_PRODUCT = YES;
			};
			name = Release;
		};
		F7731068243F615D007CB5DE /* Debug */ = {
			isa = XCBuildConfiguration;
			baseConfigurationReference = 3E57FD9C24DB090EB5EA16DC /* Pods-FreshNews.debug.xcconfig */;
			buildSettings = {
				ASSETCATALOG_COMPILER_APPICON_NAME = AppIcon;
				CODE_SIGN_STYLE = Automatic;
				DEVELOPMENT_TEAM = F65YYAQSG7;
				INFOPLIST_FILE = FreshNews/Info.plist;
				LD_RUNPATH_SEARCH_PATHS = (
					"$(inherited)",
					"@executable_path/Frameworks",
				);
				PRODUCT_BUNDLE_IDENTIFIER = Igor.FreshNews;
				PRODUCT_NAME = "$(TARGET_NAME)";
				SWIFT_VERSION = 5.0;
				TARGETED_DEVICE_FAMILY = "1,2";
			};
			name = Debug;
		};
		F7731069243F615D007CB5DE /* Release */ = {
			isa = XCBuildConfiguration;
			baseConfigurationReference = F48B71F2D62AF23A48AB8838 /* Pods-FreshNews.release.xcconfig */;
			buildSettings = {
				ASSETCATALOG_COMPILER_APPICON_NAME = AppIcon;
				CODE_SIGN_STYLE = Automatic;
				DEVELOPMENT_TEAM = F65YYAQSG7;
				INFOPLIST_FILE = FreshNews/Info.plist;
				LD_RUNPATH_SEARCH_PATHS = (
					"$(inherited)",
					"@executable_path/Frameworks",
				);
				PRODUCT_BUNDLE_IDENTIFIER = Igor.FreshNews;
				PRODUCT_NAME = "$(TARGET_NAME)";
				SWIFT_VERSION = 5.0;
				TARGETED_DEVICE_FAMILY = "1,2";
			};
			name = Release;
		};
		F773106B243F615D007CB5DE /* Debug */ = {
			isa = XCBuildConfiguration;
			buildSettings = {
				ALWAYS_EMBED_SWIFT_STANDARD_LIBRARIES = YES;
				BUNDLE_LOADER = "$(TEST_HOST)";
				CODE_SIGN_STYLE = Automatic;
				DEVELOPMENT_TEAM = F65YYAQSG7;
				INFOPLIST_FILE = FreshNewsTests/Info.plist;
				IPHONEOS_DEPLOYMENT_TARGET = 13.4;
				LD_RUNPATH_SEARCH_PATHS = (
					"$(inherited)",
					"@executable_path/Frameworks",
					"@loader_path/Frameworks",
				);
				PRODUCT_BUNDLE_IDENTIFIER = Igor.FreshNewsTests;
				PRODUCT_NAME = "$(TARGET_NAME)";
				SWIFT_VERSION = 5.0;
				TARGETED_DEVICE_FAMILY = "1,2";
				TEST_HOST = "$(BUILT_PRODUCTS_DIR)/FreshNews.app/FreshNews";
			};
			name = Debug;
		};
		F773106C243F615D007CB5DE /* Release */ = {
			isa = XCBuildConfiguration;
			buildSettings = {
				ALWAYS_EMBED_SWIFT_STANDARD_LIBRARIES = YES;
				BUNDLE_LOADER = "$(TEST_HOST)";
				CODE_SIGN_STYLE = Automatic;
				DEVELOPMENT_TEAM = F65YYAQSG7;
				INFOPLIST_FILE = FreshNewsTests/Info.plist;
				IPHONEOS_DEPLOYMENT_TARGET = 13.4;
				LD_RUNPATH_SEARCH_PATHS = (
					"$(inherited)",
					"@executable_path/Frameworks",
					"@loader_path/Frameworks",
				);
				PRODUCT_BUNDLE_IDENTIFIER = Igor.FreshNewsTests;
				PRODUCT_NAME = "$(TARGET_NAME)";
				SWIFT_VERSION = 5.0;
				TARGETED_DEVICE_FAMILY = "1,2";
				TEST_HOST = "$(BUILT_PRODUCTS_DIR)/FreshNews.app/FreshNews";
			};
			name = Release;
		};
		F773106E243F615D007CB5DE /* Debug */ = {
			isa = XCBuildConfiguration;
			buildSettings = {
				ALWAYS_EMBED_SWIFT_STANDARD_LIBRARIES = YES;
				CODE_SIGN_STYLE = Automatic;
				DEVELOPMENT_TEAM = F65YYAQSG7;
				INFOPLIST_FILE = FreshNewsUITests/Info.plist;
				LD_RUNPATH_SEARCH_PATHS = (
					"$(inherited)",
					"@executable_path/Frameworks",
					"@loader_path/Frameworks",
				);
				PRODUCT_BUNDLE_IDENTIFIER = Igor.FreshNewsUITests;
				PRODUCT_NAME = "$(TARGET_NAME)";
				SWIFT_VERSION = 5.0;
				TARGETED_DEVICE_FAMILY = "1,2";
				TEST_TARGET_NAME = FreshNews;
			};
			name = Debug;
		};
		F773106F243F615D007CB5DE /* Release */ = {
			isa = XCBuildConfiguration;
			buildSettings = {
				ALWAYS_EMBED_SWIFT_STANDARD_LIBRARIES = YES;
				CODE_SIGN_STYLE = Automatic;
				DEVELOPMENT_TEAM = F65YYAQSG7;
				INFOPLIST_FILE = FreshNewsUITests/Info.plist;
				LD_RUNPATH_SEARCH_PATHS = (
					"$(inherited)",
					"@executable_path/Frameworks",
					"@loader_path/Frameworks",
				);
				PRODUCT_BUNDLE_IDENTIFIER = Igor.FreshNewsUITests;
				PRODUCT_NAME = "$(TARGET_NAME)";
				SWIFT_VERSION = 5.0;
				TARGETED_DEVICE_FAMILY = "1,2";
				TEST_TARGET_NAME = FreshNews;
			};
			name = Release;
		};
/* End XCBuildConfiguration section */

/* Begin XCConfigurationList section */
		F7731038243F6159007CB5DE /* Build configuration list for PBXProject "FreshNews" */ = {
			isa = XCConfigurationList;
			buildConfigurations = (
				F7731065243F615D007CB5DE /* Debug */,
				F7731066243F615D007CB5DE /* Release */,
			);
			defaultConfigurationIsVisible = 0;
			defaultConfigurationName = Release;
		};
		F7731067243F615D007CB5DE /* Build configuration list for PBXNativeTarget "FreshNews" */ = {
			isa = XCConfigurationList;
			buildConfigurations = (
				F7731068243F615D007CB5DE /* Debug */,
				F7731069243F615D007CB5DE /* Release */,
			);
			defaultConfigurationIsVisible = 0;
			defaultConfigurationName = Release;
		};
		F773106A243F615D007CB5DE /* Build configuration list for PBXNativeTarget "FreshNewsTests" */ = {
			isa = XCConfigurationList;
			buildConfigurations = (
				F773106B243F615D007CB5DE /* Debug */,
				F773106C243F615D007CB5DE /* Release */,
			);
			defaultConfigurationIsVisible = 0;
			defaultConfigurationName = Release;
		};
		F773106D243F615D007CB5DE /* Build configuration list for PBXNativeTarget "FreshNewsUITests" */ = {
			isa = XCConfigurationList;
			buildConfigurations = (
				F773106E243F615D007CB5DE /* Debug */,
				F773106F243F615D007CB5DE /* Release */,
			);
			defaultConfigurationIsVisible = 0;
			defaultConfigurationName = Release;
		};
/* End XCConfigurationList section */
	};
	rootObject = F7731035243F6159007CB5DE /* Project object */;
}
